// !$*UTF8*$!
{
	archiveVersion = 1;
	classes = {
	};
	objectVersion = 50;
	objects = {

/* Begin PBXBuildFile section */
		32213F662242ABAE00B79AF7 /* AppDelegate.swift in Sources */ = {isa = PBXBuildFile; fileRef = 32213F652242ABAE00B79AF7 /* AppDelegate.swift */; };
		32213F6D2242ABAF00B79AF7 /* Assets.xcassets in Resources */ = {isa = PBXBuildFile; fileRef = 32213F6C2242ABAF00B79AF7 /* Assets.xcassets */; };
		32213F702242ABAF00B79AF7 /* LaunchScreen.storyboard in Resources */ = {isa = PBXBuildFile; fileRef = 32213F6E2242ABAF00B79AF7 /* LaunchScreen.storyboard */; };
		32213F7E2242ACD700B79AF7 /* MenuViewController.swift in Sources */ = {isa = PBXBuildFile; fileRef = 32213F7C2242ACD700B79AF7 /* MenuViewController.swift */; };
		32213F7F2242ACD700B79AF7 /* MenuViewController.xib in Resources */ = {isa = PBXBuildFile; fileRef = 32213F7D2242ACD700B79AF7 /* MenuViewController.xib */; };
		32213F822242AD7800B79AF7 /* Constants.swift in Sources */ = {isa = PBXBuildFile; fileRef = 32213F812242AD7800B79AF7 /* Constants.swift */; };
		32C70C522242B4DF0049AD6F /* GameViewController.swift in Sources */ = {isa = PBXBuildFile; fileRef = 32C70C502242B4DF0049AD6F /* GameViewController.swift */; };
		32C70C532242B4DF0049AD6F /* GameViewController.xib in Resources */ = {isa = PBXBuildFile; fileRef = 32C70C512242B4DF0049AD6F /* GameViewController.xib */; };
		32C70C552242D4340049AD6F /* TieFighter.swift in Sources */ = {isa = PBXBuildFile; fileRef = 32C70C542242D4340049AD6F /* TieFighter.swift */; };
		32C70C5B2242D8FB0049AD6F /* TieFighter.dae in Resources */ = {isa = PBXBuildFile; fileRef = 32C70C5A2242D8FB0049AD6F /* TieFighter.dae */; };
		32C70C5D2242DD6D0049AD6F /* SCNNode+Utils.swift in Sources */ = {isa = PBXBuildFile; fileRef = 32C70C5C2242DD6D0049AD6F /* SCNNode+Utils.swift */; };
		32C70C632242E3410049AD6F /* TieFighterVader.dae in Resources */ = {isa = PBXBuildFile; fileRef = 32C70C622242E3410049AD6F /* TieFighterVader.dae */; };
		32C70C652242E3970049AD6F /* TieFighterVader.swift in Sources */ = {isa = PBXBuildFile; fileRef = 32C70C642242E3970049AD6F /* TieFighterVader.swift */; };
		32C70C672242E7BE0049AD6F /* Asteroid.dae in Resources */ = {isa = PBXBuildFile; fileRef = 32C70C662242E7BE0049AD6F /* Asteroid.dae */; };
		32C70C6B2242E8840049AD6F /* asteroid.jpg in Resources */ = {isa = PBXBuildFile; fileRef = 32C70C6A2242E8840049AD6F /* asteroid.jpg */; };
		32C70C6D2242E8C50049AD6F /* Asteroid.swift in Sources */ = {isa = PBXBuildFile; fileRef = 32C70C6C2242E8C50049AD6F /* Asteroid.swift */; };
		32EABA9222463F3200B572E9 /* Shoot.swift in Sources */ = {isa = PBXBuildFile; fileRef = 32EABA9122463F3200B572E9 /* Shoot.swift */; };
		32EABA9422463FFF00B572E9 /* Collisions.swift in Sources */ = {isa = PBXBuildFile; fileRef = 32EABA9322463FFF00B572E9 /* Collisions.swift */; };
		32EABA9622469A5E00B572E9 /* Types.swift in Sources */ = {isa = PBXBuildFile; fileRef = 32EABA9522469A5E00B572E9 /* Types.swift */; };
		32EABA9A22469B4100B572E9 /* GameObjects.swift in Sources */ = {isa = PBXBuildFile; fileRef = 32EABA9922469B4100B572E9 /* GameObjects.swift */; };
		32EABA9C22469B8F00B572E9 /* GameEvents.swift in Sources */ = {isa = PBXBuildFile; fileRef = 32EABA9B22469B8F00B572E9 /* GameEvents.swift */; };
		32EABA9E22469C1B00B572E9 /* GameUI.swift in Sources */ = {isa = PBXBuildFile; fileRef = 32EABA9D22469C1B00B572E9 /* GameUI.swift */; };
		32EABAA122469C6300B572E9 /* GamePhysics.swift in Sources */ = {isa = PBXBuildFile; fileRef = 32EABAA022469C6300B572E9 /* GamePhysics.swift */; };
		32EABAA32246B03600B572E9 /* MusicPlayer.swift in Sources */ = {isa = PBXBuildFile; fileRef = 32EABAA22246B03600B572E9 /* MusicPlayer.swift */; };
		32EABAAC2246BBB700B572E9 /* Game.mp3 in Resources */ = {isa = PBXBuildFile; fileRef = 32EABAAA2246BBB700B572E9 /* Game.mp3 */; };
		32EABAAD2246BBB700B572E9 /* Title.mp3 in Resources */ = {isa = PBXBuildFile; fileRef = 32EABAAB2246BBB700B572E9 /* Title.mp3 */; };
		32EABAAF2246C7AF00B572E9 /* SoundEffect.swift in Sources */ = {isa = PBXBuildFile; fileRef = 32EABAAE2246C7AF00B572E9 /* SoundEffect.swift */; };
		32EABAB22246E07100B572E9 /* BonusShield.mp3 in Resources */ = {isa = PBXBuildFile; fileRef = 32EABAB02246E07100B572E9 /* BonusShield.mp3 */; };
		32EABAB32246E07100B572E9 /* BonusProtonTorpedoes.mp3 in Resources */ = {isa = PBXBuildFile; fileRef = 32EABAB12246E07100B572E9 /* BonusProtonTorpedoes.mp3 */; };
		32EABAB92246E1A200B572E9 /* Laser.mp3 in Resources */ = {isa = PBXBuildFile; fileRef = 32EABAB62246E1A200B572E9 /* Laser.mp3 */; };
		32EABABB2246E21B00B572E9 /* GameOver.mp3 in Resources */ = {isa = PBXBuildFile; fileRef = 32EABABA2246E21B00B572E9 /* GameOver.mp3 */; };
		32EABABD2246E29B00B572E9 /* TieFighterExplossion.mp3 in Resources */ = {isa = PBXBuildFile; fileRef = 32EABABC2246E29B00B572E9 /* TieFighterExplossion.mp3 */; };
		32EABABF2246E2EB00B572E9 /* AsteroidExplossion.mp3 in Resources */ = {isa = PBXBuildFile; fileRef = 32EABABE2246E2EB00B572E9 /* AsteroidExplossion.mp3 */; };
		32EABAC12246E34700B572E9 /* GameStart.mp3 in Resources */ = {isa = PBXBuildFile; fileRef = 32EABAC02246E34700B572E9 /* GameStart.mp3 */; };
		32EABAC32246E3D100B572E9 /* ProtonTorpedo.mp3 in Resources */ = {isa = PBXBuildFile; fileRef = 32EABAC22246E3D100B572E9 /* ProtonTorpedo.mp3 */; };
		32EABAC52246E4E100B572E9 /* Hit.mp3 in Resources */ = {isa = PBXBuildFile; fileRef = 32EABAC42246E4E100B572E9 /* Hit.mp3 */; };
/* End PBXBuildFile section */

/* Begin PBXFileReference section */
		32213F622242ABAE00B79AF7 /* Tie Fighter Assault.app */ = {isa = PBXFileReference; explicitFileType = wrapper.application; includeInIndex = 0; path = "Tie Fighter Assault.app"; sourceTree = BUILT_PRODUCTS_DIR; };
		32213F652242ABAE00B79AF7 /* AppDelegate.swift */ = {isa = PBXFileReference; lastKnownFileType = sourcecode.swift; path = AppDelegate.swift; sourceTree = "<group>"; };
		32213F6C2242ABAF00B79AF7 /* Assets.xcassets */ = {isa = PBXFileReference; lastKnownFileType = folder.assetcatalog; path = Assets.xcassets; sourceTree = "<group>"; };
		32213F6F2242ABAF00B79AF7 /* Base */ = {isa = PBXFileReference; lastKnownFileType = file.storyboard; name = Base; path = Base.lproj/LaunchScreen.storyboard; sourceTree = "<group>"; };
		32213F712242ABAF00B79AF7 /* Info.plist */ = {isa = PBXFileReference; lastKnownFileType = text.plist.xml; path = Info.plist; sourceTree = "<group>"; };
		32213F7C2242ACD700B79AF7 /* MenuViewController.swift */ = {isa = PBXFileReference; lastKnownFileType = sourcecode.swift; path = MenuViewController.swift; sourceTree = "<group>"; };
		32213F7D2242ACD700B79AF7 /* MenuViewController.xib */ = {isa = PBXFileReference; lastKnownFileType = file.xib; path = MenuViewController.xib; sourceTree = "<group>"; };
		32213F812242AD7800B79AF7 /* Constants.swift */ = {isa = PBXFileReference; lastKnownFileType = sourcecode.swift; path = Constants.swift; sourceTree = "<group>"; };
		32C70C502242B4DF0049AD6F /* GameViewController.swift */ = {isa = PBXFileReference; lastKnownFileType = sourcecode.swift; path = GameViewController.swift; sourceTree = "<group>"; };
		32C70C512242B4DF0049AD6F /* GameViewController.xib */ = {isa = PBXFileReference; lastKnownFileType = file.xib; path = GameViewController.xib; sourceTree = "<group>"; };
		32C70C542242D4340049AD6F /* TieFighter.swift */ = {isa = PBXFileReference; lastKnownFileType = sourcecode.swift; path = TieFighter.swift; sourceTree = "<group>"; };
		32C70C5A2242D8FB0049AD6F /* TieFighter.dae */ = {isa = PBXFileReference; fileEncoding = 4; lastKnownFileType = text.xml.dae; path = TieFighter.dae; sourceTree = "<group>"; };
		32C70C5C2242DD6D0049AD6F /* SCNNode+Utils.swift */ = {isa = PBXFileReference; lastKnownFileType = sourcecode.swift; path = "SCNNode+Utils.swift"; sourceTree = "<group>"; };
		32C70C622242E3410049AD6F /* TieFighterVader.dae */ = {isa = PBXFileReference; fileEncoding = 4; lastKnownFileType = text.xml.dae; path = TieFighterVader.dae; sourceTree = "<group>"; };
		32C70C642242E3970049AD6F /* TieFighterVader.swift */ = {isa = PBXFileReference; lastKnownFileType = sourcecode.swift; path = TieFighterVader.swift; sourceTree = "<group>"; };
		32C70C662242E7BE0049AD6F /* Asteroid.dae */ = {isa = PBXFileReference; fileEncoding = 4; lastKnownFileType = text.xml.dae; path = Asteroid.dae; sourceTree = "<group>"; };
		32C70C6A2242E8840049AD6F /* asteroid.jpg */ = {isa = PBXFileReference; lastKnownFileType = image.jpeg; path = asteroid.jpg; sourceTree = "<group>"; };
		32C70C6C2242E8C50049AD6F /* Asteroid.swift */ = {isa = PBXFileReference; lastKnownFileType = sourcecode.swift; path = Asteroid.swift; sourceTree = "<group>"; };
		32EABA9122463F3200B572E9 /* Shoot.swift */ = {isa = PBXFileReference; lastKnownFileType = sourcecode.swift; path = Shoot.swift; sourceTree = "<group>"; };
		32EABA9322463FFF00B572E9 /* Collisions.swift */ = {isa = PBXFileReference; lastKnownFileType = sourcecode.swift; path = Collisions.swift; sourceTree = "<group>"; };
		32EABA9522469A5E00B572E9 /* Types.swift */ = {isa = PBXFileReference; lastKnownFileType = sourcecode.swift; path = Types.swift; sourceTree = "<group>"; };
		32EABA9922469B4100B572E9 /* GameObjects.swift */ = {isa = PBXFileReference; lastKnownFileType = sourcecode.swift; path = GameObjects.swift; sourceTree = "<group>"; };
		32EABA9B22469B8F00B572E9 /* GameEvents.swift */ = {isa = PBXFileReference; lastKnownFileType = sourcecode.swift; path = GameEvents.swift; sourceTree = "<group>"; };
		32EABA9D22469C1B00B572E9 /* GameUI.swift */ = {isa = PBXFileReference; lastKnownFileType = sourcecode.swift; path = GameUI.swift; sourceTree = "<group>"; };
		32EABAA022469C6300B572E9 /* GamePhysics.swift */ = {isa = PBXFileReference; lastKnownFileType = sourcecode.swift; path = GamePhysics.swift; sourceTree = "<group>"; };
		32EABAA22246B03600B572E9 /* MusicPlayer.swift */ = {isa = PBXFileReference; lastKnownFileType = sourcecode.swift; path = MusicPlayer.swift; sourceTree = "<group>"; };
		32EABAAA2246BBB700B572E9 /* Game.mp3 */ = {isa = PBXFileReference; lastKnownFileType = audio.mp3; path = Game.mp3; sourceTree = "<group>"; };
		32EABAAB2246BBB700B572E9 /* Title.mp3 */ = {isa = PBXFileReference; lastKnownFileType = audio.mp3; path = Title.mp3; sourceTree = "<group>"; };
		32EABAAE2246C7AF00B572E9 /* SoundEffect.swift */ = {isa = PBXFileReference; lastKnownFileType = sourcecode.swift; path = SoundEffect.swift; sourceTree = "<group>"; };
		32EABAB02246E07100B572E9 /* BonusShield.mp3 */ = {isa = PBXFileReference; lastKnownFileType = audio.mp3; path = BonusShield.mp3; sourceTree = "<group>"; };
		32EABAB12246E07100B572E9 /* BonusProtonTorpedoes.mp3 */ = {isa = PBXFileReference; lastKnownFileType = audio.mp3; path = BonusProtonTorpedoes.mp3; sourceTree = "<group>"; };
		32EABAB62246E1A200B572E9 /* Laser.mp3 */ = {isa = PBXFileReference; lastKnownFileType = audio.mp3; path = Laser.mp3; sourceTree = "<group>"; };
		32EABABA2246E21B00B572E9 /* GameOver.mp3 */ = {isa = PBXFileReference; lastKnownFileType = audio.mp3; path = GameOver.mp3; sourceTree = "<group>"; };
		32EABABC2246E29B00B572E9 /* TieFighterExplossion.mp3 */ = {isa = PBXFileReference; lastKnownFileType = audio.mp3; path = TieFighterExplossion.mp3; sourceTree = "<group>"; };
		32EABABE2246E2EB00B572E9 /* AsteroidExplossion.mp3 */ = {isa = PBXFileReference; lastKnownFileType = audio.mp3; path = AsteroidExplossion.mp3; sourceTree = "<group>"; };
		32EABAC02246E34700B572E9 /* GameStart.mp3 */ = {isa = PBXFileReference; lastKnownFileType = audio.mp3; path = GameStart.mp3; sourceTree = "<group>"; };
		32EABAC22246E3D100B572E9 /* ProtonTorpedo.mp3 */ = {isa = PBXFileReference; lastKnownFileType = audio.mp3; path = ProtonTorpedo.mp3; sourceTree = "<group>"; };
		32EABAC42246E4E100B572E9 /* Hit.mp3 */ = {isa = PBXFileReference; lastKnownFileType = audio.mp3; path = Hit.mp3; sourceTree = "<group>"; };
/* End PBXFileReference section */

/* Begin PBXFrameworksBuildPhase section */
		32213F5F2242ABAE00B79AF7 /* Frameworks */ = {
			isa = PBXFrameworksBuildPhase;
			buildActionMask = 2147483647;
			files = (
			);
			runOnlyForDeploymentPostprocessing = 0;
		};
/* End PBXFrameworksBuildPhase section */

/* Begin PBXGroup section */
		32213F592242ABAD00B79AF7 = {
			isa = PBXGroup;
			children = (
				32213F642242ABAE00B79AF7 /* Tie Fighter Assault */,
				32213F632242ABAE00B79AF7 /* Products */,
			);
			sourceTree = "<group>";
		};
		32213F632242ABAE00B79AF7 /* Products */ = {
			isa = PBXGroup;
			children = (
				32213F622242ABAE00B79AF7 /* Tie Fighter Assault.app */,
			);
			name = Products;
			sourceTree = "<group>";
		};
		32213F642242ABAE00B79AF7 /* Tie Fighter Assault */ = {
			isa = PBXGroup;
			children = (
				32213F802242AD6C00B79AF7 /* Utils */,
				32213F7B2242AC6700B79AF7 /* Entities */,
				32213F782242AC5400B79AF7 /* Resources */,
				32213F772242AC4E00B79AF7 /* Controllers */,
				32213F652242ABAE00B79AF7 /* AppDelegate.swift */,
				32213F712242ABAF00B79AF7 /* Info.plist */,
			);
			path = "Tie Fighter Assault";
			sourceTree = "<group>";
		};
		32213F772242AC4E00B79AF7 /* Controllers */ = {
			isa = PBXGroup;
			children = (
				32EABA9822469B3500B572E9 /* Game */,
				32213F7C2242ACD700B79AF7 /* MenuViewController.swift */,
				32213F7D2242ACD700B79AF7 /* MenuViewController.xib */,
				32C70C502242B4DF0049AD6F /* GameViewController.swift */,
				32C70C512242B4DF0049AD6F /* GameViewController.xib */,
			);
			path = Controllers;
			sourceTree = "<group>";
		};
		32213F782242AC5400B79AF7 /* Resources */ = {
			isa = PBXGroup;
			children = (
				32213F832242ADF700B79AF7 /* Graphics */,
				32213F7A2242AC5F00B79AF7 /* Models */,
				32213F792242AC5B00B79AF7 /* Music */,
				32EABA9722469A7400B572E9 /* Sounds */,
				32213F6C2242ABAF00B79AF7 /* Assets.xcassets */,
				32213F6E2242ABAF00B79AF7 /* LaunchScreen.storyboard */,
			);
			path = Resources;
			sourceTree = "<group>";
		};
		32213F792242AC5B00B79AF7 /* Music */ = {
			isa = PBXGroup;
			children = (
				32EABAAA2246BBB700B572E9 /* Game.mp3 */,
				32EABAAB2246BBB700B572E9 /* Title.mp3 */,
			);
			path = Music;
			sourceTree = "<group>";
		};
		32213F7A2242AC5F00B79AF7 /* Models */ = {
			isa = PBXGroup;
			children = (
				32C70C6A2242E8840049AD6F /* asteroid.jpg */,
				32C70C662242E7BE0049AD6F /* Asteroid.dae */,
				32C70C622242E3410049AD6F /* TieFighterVader.dae */,
				32C70C5A2242D8FB0049AD6F /* TieFighter.dae */,
			);
			path = Models;
			sourceTree = "<group>";
		};
		32213F7B2242AC6700B79AF7 /* Entities */ = {
			isa = PBXGroup;
			children = (
				32C70C542242D4340049AD6F /* TieFighter.swift */,
				32C70C642242E3970049AD6F /* TieFighterVader.swift */,
				32C70C6C2242E8C50049AD6F /* Asteroid.swift */,
				32EABA9122463F3200B572E9 /* Shoot.swift */,
			);
			path = Entities;
			sourceTree = "<group>";
		};
		32213F802242AD6C00B79AF7 /* Utils */ = {
			isa = PBXGroup;
			children = (
				32213F812242AD7800B79AF7 /* Constants.swift */,
				32EABA9322463FFF00B572E9 /* Collisions.swift */,
				32C70C5C2242DD6D0049AD6F /* SCNNode+Utils.swift */,
				32EABA9522469A5E00B572E9 /* Types.swift */,
				32EABAA22246B03600B572E9 /* MusicPlayer.swift */,
				32EABAAE2246C7AF00B572E9 /* SoundEffect.swift */,
			);
			path = Utils;
			sourceTree = "<group>";
		};
		32213F832242ADF700B79AF7 /* Graphics */ = {
			isa = PBXGroup;
			children = (
			);
			path = Graphics;
			sourceTree = "<group>";
		};
		32EABA9722469A7400B572E9 /* Sounds */ = {
			isa = PBXGroup;
			children = (
				32EABAC42246E4E100B572E9 /* Hit.mp3 */,
				32EABAC22246E3D100B572E9 /* ProtonTorpedo.mp3 */,
				32EABABE2246E2EB00B572E9 /* AsteroidExplossion.mp3 */,
				32EABABA2246E21B00B572E9 /* GameOver.mp3 */,
				32EABAC02246E34700B572E9 /* GameStart.mp3 */,
				32EABABC2246E29B00B572E9 /* TieFighterExplossion.mp3 */,
				32EABAB02246E07100B572E9 /* BonusShield.mp3 */,
				32EABAB12246E07100B572E9 /* BonusProtonTorpedoes.mp3 */,
				32EABAB62246E1A200B572E9 /* Laser.mp3 */,
			);
			path = Sounds;
			sourceTree = "<group>";
		};
		32EABA9822469B3500B572E9 /* Game */ = {
			isa = PBXGroup;
			children = (
				32EABA9922469B4100B572E9 /* GameObjects.swift */,
				32EABA9B22469B8F00B572E9 /* GameEvents.swift */,
				32EABA9D22469C1B00B572E9 /* GameUI.swift */,
				32EABAA022469C6300B572E9 /* GamePhysics.swift */,
			);
			path = Game;
			sourceTree = "<group>";
		};
/* End PBXGroup section */

/* Begin PBXNativeTarget section */
		32213F612242ABAE00B79AF7 /* Tie Fighter Assault */ = {
			isa = PBXNativeTarget;
			buildConfigurationList = 32213F742242ABAF00B79AF7 /* Build configuration list for PBXNativeTarget "Tie Fighter Assault" */;
			buildPhases = (
				32213F5E2242ABAE00B79AF7 /* Sources */,
				32213F5F2242ABAE00B79AF7 /* Frameworks */,
				32213F602242ABAE00B79AF7 /* Resources */,
			);
			buildRules = (
			);
			dependencies = (
			);
			name = "Tie Fighter Assault";
			productName = "Tie Fighter Assault";
			productReference = 32213F622242ABAE00B79AF7 /* Tie Fighter Assault.app */;
			productType = "com.apple.product-type.application";
		};
/* End PBXNativeTarget section */

/* Begin PBXProject section */
		32213F5A2242ABAD00B79AF7 /* Project object */ = {
			isa = PBXProject;
			attributes = {
				LastSwiftUpdateCheck = 1010;
				LastUpgradeCheck = 1010;
				ORGANIZATIONNAME = "Manuel Sagra";
				TargetAttributes = {
					32213F612242ABAE00B79AF7 = {
						CreatedOnToolsVersion = 10.1;
					};
				};
			};
			buildConfigurationList = 32213F5D2242ABAD00B79AF7 /* Build configuration list for PBXProject "Tie Fighter Assault" */;
			compatibilityVersion = "Xcode 9.3";
			developmentRegion = en;
			hasScannedForEncodings = 0;
			knownRegions = (
				en,
				Base,
			);
			mainGroup = 32213F592242ABAD00B79AF7;
			productRefGroup = 32213F632242ABAE00B79AF7 /* Products */;
			projectDirPath = "";
			projectRoot = "";
			targets = (
				32213F612242ABAE00B79AF7 /* Tie Fighter Assault */,
			);
		};
/* End PBXProject section */

/* Begin PBXResourcesBuildPhase section */
		32213F602242ABAE00B79AF7 /* Resources */ = {
			isa = PBXResourcesBuildPhase;
			buildActionMask = 2147483647;
			files = (
				32EABAC12246E34700B572E9 /* GameStart.mp3 in Resources */,
				32C70C6B2242E8840049AD6F /* asteroid.jpg in Resources */,
				32EABAC32246E3D100B572E9 /* ProtonTorpedo.mp3 in Resources */,
				32EABABD2246E29B00B572E9 /* TieFighterExplossion.mp3 in Resources */,
				32C70C532242B4DF0049AD6F /* GameViewController.xib in Resources */,
				32C70C632242E3410049AD6F /* TieFighterVader.dae in Resources */,
				32C70C672242E7BE0049AD6F /* Asteroid.dae in Resources */,
				32EABABF2246E2EB00B572E9 /* AsteroidExplossion.mp3 in Resources */,
				32213F702242ABAF00B79AF7 /* LaunchScreen.storyboard in Resources */,
				32EABAB92246E1A200B572E9 /* Laser.mp3 in Resources */,
				32EABAB22246E07100B572E9 /* BonusShield.mp3 in Resources */,
				32EABAAC2246BBB700B572E9 /* Game.mp3 in Resources */,
				32EABAB32246E07100B572E9 /* BonusProtonTorpedoes.mp3 in Resources */,
				32213F7F2242ACD700B79AF7 /* MenuViewController.xib in Resources */,
				32EABABB2246E21B00B572E9 /* GameOver.mp3 in Resources */,
				32213F6D2242ABAF00B79AF7 /* Assets.xcassets in Resources */,
				32C70C5B2242D8FB0049AD6F /* TieFighter.dae in Resources */,
				32EABAAD2246BBB700B572E9 /* Title.mp3 in Resources */,
				32EABAC52246E4E100B572E9 /* Hit.mp3 in Resources */,
			);
			runOnlyForDeploymentPostprocessing = 0;
		};
/* End PBXResourcesBuildPhase section */

/* Begin PBXSourcesBuildPhase section */
		32213F5E2242ABAE00B79AF7 /* Sources */ = {
			isa = PBXSourcesBuildPhase;
			buildActionMask = 2147483647;
			files = (
				32EABA9422463FFF00B572E9 /* Collisions.swift in Sources */,
				32C70C522242B4DF0049AD6F /* GameViewController.swift in Sources */,
				32EABAA122469C6300B572E9 /* GamePhysics.swift in Sources */,
				32EABA9222463F3200B572E9 /* Shoot.swift in Sources */,
				32213F662242ABAE00B79AF7 /* AppDelegate.swift in Sources */,
				32EABAA32246B03600B572E9 /* MusicPlayer.swift in Sources */,
				32213F7E2242ACD700B79AF7 /* MenuViewController.swift in Sources */,
				32C70C652242E3970049AD6F /* TieFighterVader.swift in Sources */,
				32C70C6D2242E8C50049AD6F /* Asteroid.swift in Sources */,
				32EABAAF2246C7AF00B572E9 /* SoundEffect.swift in Sources */,
				32C70C5D2242DD6D0049AD6F /* SCNNode+Utils.swift in Sources */,
				32EABA9A22469B4100B572E9 /* GameObjects.swift in Sources */,
				32EABA9E22469C1B00B572E9 /* GameUI.swift in Sources */,
				32EABA9C22469B8F00B572E9 /* GameEvents.swift in Sources */,
				32213F822242AD7800B79AF7 /* Constants.swift in Sources */,
				32EABA9622469A5E00B572E9 /* Types.swift in Sources */,
				32C70C552242D4340049AD6F /* TieFighter.swift in Sources */,
			);
			runOnlyForDeploymentPostprocessing = 0;
		};
/* End PBXSourcesBuildPhase section */

/* Begin PBXVariantGroup section */
		32213F6E2242ABAF00B79AF7 /* LaunchScreen.storyboard */ = {
			isa = PBXVariantGroup;
			children = (
				32213F6F2242ABAF00B79AF7 /* Base */,
			);
			name = LaunchScreen.storyboard;
			sourceTree = "<group>";
		};
/* End PBXVariantGroup section */

/* Begin XCBuildConfiguration section */
		32213F722242ABAF00B79AF7 /* Debug */ = {
			isa = XCBuildConfiguration;
			buildSettings = {
				ALWAYS_SEARCH_USER_PATHS = NO;
				CLANG_ANALYZER_NONNULL = YES;
				CLANG_ANALYZER_NUMBER_OBJECT_CONVERSION = YES_AGGRESSIVE;
				CLANG_CXX_LANGUAGE_STANDARD = "gnu++14";
				CLANG_CXX_LIBRARY = "libc++";
				CLANG_ENABLE_MODULES = YES;
				CLANG_ENABLE_OBJC_ARC = YES;
				CLANG_ENABLE_OBJC_WEAK = YES;
				CLANG_WARN_BLOCK_CAPTURE_AUTORELEASING = YES;
				CLANG_WARN_BOOL_CONVERSION = YES;
				CLANG_WARN_COMMA = YES;
				CLANG_WARN_CONSTANT_CONVERSION = YES;
				CLANG_WARN_DEPRECATED_OBJC_IMPLEMENTATIONS = YES;
				CLANG_WARN_DIRECT_OBJC_ISA_USAGE = YES_ERROR;
				CLANG_WARN_DOCUMENTATION_COMMENTS = YES;
				CLANG_WARN_EMPTY_BODY = YES;
				CLANG_WARN_ENUM_CONVERSION = YES;
				CLANG_WARN_INFINITE_RECURSION = YES;
				CLANG_WARN_INT_CONVERSION = YES;
				CLANG_WARN_NON_LITERAL_NULL_CONVERSION = YES;
				CLANG_WARN_OBJC_IMPLICIT_RETAIN_SELF = YES;
				CLANG_WARN_OBJC_LITERAL_CONVERSION = YES;
				CLANG_WARN_OBJC_ROOT_CLASS = YES_ERROR;
				CLANG_WARN_RANGE_LOOP_ANALYSIS = YES;
				CLANG_WARN_STRICT_PROTOTYPES = YES;
				CLANG_WARN_SUSPICIOUS_MOVE = YES;
				CLANG_WARN_UNGUARDED_AVAILABILITY = YES_AGGRESSIVE;
				CLANG_WARN_UNREACHABLE_CODE = YES;
				CLANG_WARN__DUPLICATE_METHOD_MATCH = YES;
				CODE_SIGN_IDENTITY = "iPhone Developer";
				COPY_PHASE_STRIP = NO;
				DEBUG_INFORMATION_FORMAT = dwarf;
				ENABLE_STRICT_OBJC_MSGSEND = YES;
				ENABLE_TESTABILITY = YES;
				GCC_C_LANGUAGE_STANDARD = gnu11;
				GCC_DYNAMIC_NO_PIC = NO;
				GCC_NO_COMMON_BLOCKS = YES;
				GCC_OPTIMIZATION_LEVEL = 0;
				GCC_PREPROCESSOR_DEFINITIONS = (
					"DEBUG=1",
					"$(inherited)",
				);
				GCC_WARN_64_TO_32_BIT_CONVERSION = YES;
				GCC_WARN_ABOUT_RETURN_TYPE = YES_ERROR;
				GCC_WARN_UNDECLARED_SELECTOR = YES;
				GCC_WARN_UNINITIALIZED_AUTOS = YES_AGGRESSIVE;
				GCC_WARN_UNUSED_FUNCTION = YES;
				GCC_WARN_UNUSED_VARIABLE = YES;
				IPHONEOS_DEPLOYMENT_TARGET = 12.1;
				MTL_ENABLE_DEBUG_INFO = INCLUDE_SOURCE;
				MTL_FAST_MATH = YES;
				ONLY_ACTIVE_ARCH = YES;
				SDKROOT = iphoneos;
				SWIFT_ACTIVE_COMPILATION_CONDITIONS = DEBUG;
				SWIFT_OPTIMIZATION_LEVEL = "-Onone";
			};
			name = Debug;
		};
		32213F732242ABAF00B79AF7 /* Release */ = {
			isa = XCBuildConfiguration;
			buildSettings = {
				ALWAYS_SEARCH_USER_PATHS = NO;
				CLANG_ANALYZER_NONNULL = YES;
				CLANG_ANALYZER_NUMBER_OBJECT_CONVERSION = YES_AGGRESSIVE;
				CLANG_CXX_LANGUAGE_STANDARD = "gnu++14";
				CLANG_CXX_LIBRARY = "libc++";
				CLANG_ENABLE_MODULES = YES;
				CLANG_ENABLE_OBJC_ARC = YES;
				CLANG_ENABLE_OBJC_WEAK = YES;
				CLANG_WARN_BLOCK_CAPTURE_AUTORELEASING = YES;
				CLANG_WARN_BOOL_CONVERSION = YES;
				CLANG_WARN_COMMA = YES;
				CLANG_WARN_CONSTANT_CONVERSION = YES;
				CLANG_WARN_DEPRECATED_OBJC_IMPLEMENTATIONS = YES;
				CLANG_WARN_DIRECT_OBJC_ISA_USAGE = YES_ERROR;
				CLANG_WARN_DOCUMENTATION_COMMENTS = YES;
				CLANG_WARN_EMPTY_BODY = YES;
				CLANG_WARN_ENUM_CONVERSION = YES;
				CLANG_WARN_INFINITE_RECURSION = YES;
				CLANG_WARN_INT_CONVERSION = YES;
				CLANG_WARN_NON_LITERAL_NULL_CONVERSION = YES;
				CLANG_WARN_OBJC_IMPLICIT_RETAIN_SELF = YES;
				CLANG_WARN_OBJC_LITERAL_CONVERSION = YES;
				CLANG_WARN_OBJC_ROOT_CLASS = YES_ERROR;
				CLANG_WARN_RANGE_LOOP_ANALYSIS = YES;
				CLANG_WARN_STRICT_PROTOTYPES = YES;
				CLANG_WARN_SUSPICIOUS_MOVE = YES;
				CLANG_WARN_UNGUARDED_AVAILABILITY = YES_AGGRESSIVE;
				CLANG_WARN_UNREACHABLE_CODE = YES;
				CLANG_WARN__DUPLICATE_METHOD_MATCH = YES;
				CODE_SIGN_IDENTITY = "iPhone Developer";
				COPY_PHASE_STRIP = NO;
				DEBUG_INFORMATION_FORMAT = "dwarf-with-dsym";
				ENABLE_NS_ASSERTIONS = NO;
				ENABLE_STRICT_OBJC_MSGSEND = YES;
				GCC_C_LANGUAGE_STANDARD = gnu11;
				GCC_NO_COMMON_BLOCKS = YES;
				GCC_WARN_64_TO_32_BIT_CONVERSION = YES;
				GCC_WARN_ABOUT_RETURN_TYPE = YES_ERROR;
				GCC_WARN_UNDECLARED_SELECTOR = YES;
				GCC_WARN_UNINITIALIZED_AUTOS = YES_AGGRESSIVE;
				GCC_WARN_UNUSED_FUNCTION = YES;
				GCC_WARN_UNUSED_VARIABLE = YES;
				IPHONEOS_DEPLOYMENT_TARGET = 12.1;
				MTL_ENABLE_DEBUG_INFO = NO;
				MTL_FAST_MATH = YES;
				SDKROOT = iphoneos;
				SWIFT_COMPILATION_MODE = wholemodule;
				SWIFT_OPTIMIZATION_LEVEL = "-O";
				VALIDATE_PRODUCT = YES;
			};
			name = Release;
		};
		32213F752242ABAF00B79AF7 /* Debug */ = {
			isa = XCBuildConfiguration;
			buildSettings = {
				ASSETCATALOG_COMPILER_APPICON_NAME = AppIcon;
				CODE_SIGN_STYLE = Automatic;
				DEVELOPMENT_TEAM = 4Y6V6KA63B;
				INFOPLIST_FILE = "Tie Fighter Assault/Info.plist";
				IPHONEOS_DEPLOYMENT_TARGET = 11.3;
				LD_RUNPATH_SEARCH_PATHS = (
					"$(inherited)",
					"@executable_path/Frameworks",
				);
				PRODUCT_BUNDLE_IDENTIFIER = "com.manuelsagra.Tie-Fighter-Assault";
				PRODUCT_NAME = "$(TARGET_NAME)";
				SWIFT_VERSION = 4.2;
				TARGETED_DEVICE_FAMILY = "1,2";
			};
			name = Debug;
		};
		32213F762242ABAF00B79AF7 /* Release */ = {
			isa = XCBuildConfiguration;
			buildSettings = {
				ASSETCATALOG_COMPILER_APPICON_NAME = AppIcon;
				CODE_SIGN_STYLE = Automatic;
				DEVELOPMENT_TEAM = 4Y6V6KA63B;
				INFOPLIST_FILE = "Tie Fighter Assault/Info.plist";
				IPHONEOS_DEPLOYMENT_TARGET = 11.3;
				LD_RUNPATH_SEARCH_PATHS = (
					"$(inherited)",
					"@executable_path/Frameworks",
				);
				PRODUCT_BUNDLE_IDENTIFIER = "com.manuelsagra.Tie-Fighter-Assault";
				PRODUCT_NAME = "$(TARGET_NAME)";
				SWIFT_VERSION = 4.2;
				TARGETED_DEVICE_FAMILY = "1,2";
			};
			name = Release;
		};
/* End XCBuildConfiguration section */

/* Begin XCConfigurationList section */
		32213F5D2242ABAD00B79AF7 /* Build configuration list for PBXProject "Tie Fighter Assault" */ = {
			isa = XCConfigurationList;
			buildConfigurations = (
				32213F722242ABAF00B79AF7 /* Debug */,
				32213F732242ABAF00B79AF7 /* Release */,
			);
			defaultConfigurationIsVisible = 0;
			defaultConfigurationName = Release;
		};
		32213F742242ABAF00B79AF7 /* Build configuration list for PBXNativeTarget "Tie Fighter Assault" */ = {
			isa = XCConfigurationList;
			buildConfigurations = (
				32213F752242ABAF00B79AF7 /* Debug */,
				32213F762242ABAF00B79AF7 /* Release */,
			);
			defaultConfigurationIsVisible = 0;
			defaultConfigurationName = Release;
		};
/* End XCConfigurationList section */
	};
	rootObject = 32213F5A2242ABAD00B79AF7 /* Project object */;
}
